
Microsoft Visual Studio Solution File, Format Version 12.00
# Visual Studio Version 17
VisualStudioVersion = 17.0.32014.148
MinimumVisualStudioVersion = 10.0.40219.1
Project("{FAE04EC0-301F-11D3-BF4B-00C04F79EFBC}") = "N4KSyntheticPressureCurve", "N4KSyntheticPressureCurve\N4KSyntheticPressureCurve.csproj", "{F91D6D1D-0A80-4202-9C9D-8693ED1329BC}"
EndProject
Global
	GlobalSection(SolutionConfigurationPlatforms) = preSolution
		Debug|Any CPU = Debug|Any CPU
		Release|Any CPU = Release|Any CPU
	EndGlobalSection
	GlobalSection(ProjectConfigurationPlatforms) = postSolution
		{F91D6D1D-0A80-4202-9C9D-8693ED1329BC}.Debug|Any CPU.ActiveCfg = Debug|Any CPU
		{F91D6D1D-0A80-4202-9C9D-8693ED1329BC}.Debug|Any CPU.Build.0 = Debug|Any CPU
		{F91D6D1D-0A80-4202-9C9D-8693ED1329BC}.Release|Any CPU.ActiveCfg = Release|Any CPU
		{F91D6D1D-0A80-4202-9C9D-8693ED1329BC}.Release|Any CPU.Build.0 = Release|Any CPU
	EndGlobalSection
	GlobalSection(SolutionProperties) = preSolution
		HideSolutionNode = FALSE
	EndGlobalSection
	GlobalSection(ExtensibilityGlobals) = postSolution
		SolutionGuid = {DA2B9D9B-EEC2-4BB8-8F52-B799E7383030}
	EndGlobalSection
EndGlobal
